<Solution>
  <Folder Name="/Solution Items/">
    <File Path=".editorconfig" />
    <File Path="Directory.Build.props" />
    <File Path="Directory.Packages.props" />
    <File Path="Dockerfile" />
    <File Path="global.json" />
    <File Path="README.md" />
  </Folder>
  <Project Path="DMP.BL/DMP.BL.csproj" />
  <Project Path="DMP.Crosscutting/DMP.Crosscutting.csproj" />
  <Project Path="DMP.DataAccess/DMP.DataAccess.csproj" />
  <Project Path="Job.TrxWorker/Job.TrxWorker.csproj" />
</Solution>
